<?xml version="1.0" encoding="utf-8"?>
<Project ToolsVersion="4.0" xmlns="http://schemas.microsoft.com/developer/msbuild/2003">
  <ItemGroup>
    <ClCompile Include="context.cpp" />
    <ClCompile Include="v8pp_debug.cpp" />
    <ClCompile Include="v8_object_base.cpp" />
    <ClCompile Include="reference_tracker.cpp" />
    <ClCompile Include="external_type_data.cpp" />
    <ClCompile Include="any_object.cpp" />
  </ItemGroup>
  <ItemGroup>
    <ClInclude Include="context.hpp" />
    <ClInclude Include="config.hpp" />
    <ClInclude Include="module.hpp" />
    <ClInclude Include="throw_ex.hpp" />
    <ClInclude Include="class.hpp" />
    <ClInclude Include="factory.hpp" />
    <ClInclude Include="call_from_v8.hpp" />
    <ClInclude Include="call_v8.hpp" />
    <ClInclude Include="utility.hpp" />
    <ClInclude Include="convert.hpp" />
    <ClInclude Include="property.hpp" />
    <ClInclude Include="function.hpp" />
    <ClInclude Include="object.hpp" />
    <ClInclude Include="json.hpp" />
    <ClInclude Include="v8pp_debug.h" />
    <ClInclude Include="v8_object_base.h" />
    <ClInclude Include="v8_object_base_hidden.h" />
    <ClInclude Include="interceptors.hpp" />
    <ClInclude Include="member_checkers.h" />
    <ClInclude Include="reference_tracker.h" />
    <ClInclude Include="external_type_data.h" />
    <ClInclude Include="any_object.h" />
    <ClInclude Include="any_object_hidden.h" />
    <ClInclude Include="isolate_watcher.h" />
    <ClInclude Include="v8_helper_class.h" />
  </ItemGroup>
</Project>